
Microsoft Visual Studio Solution File, Format Version 12.00
# Visual Studio 15
VisualStudioVersion = 15.0.28307.705
MinimumVisualStudioVersion = 10.0.40219.1
Project("{FAE04EC0-301F-11D3-BF4B-00C04F79EFBC}") = "LessonFirst_MVCBasic", "LessonFirst_MVCBasic\LessonFirst_MVCBasic.csproj", "{9C12FBE9-966F-43E8-93EC-77E8C97E5583}"
EndProject
Global
	GlobalSection(SolutionConfigurationPlatforms) = preSolution
		Debug|Any CPU = Debug|Any CPU
		Release|Any CPU = Release|Any CPU
	EndGlobalSection
	GlobalSection(ProjectConfigurationPlatforms) = postSolution
		{9C12FBE9-966F-43E8-93EC-77E8C97E5583}.Debug|Any CPU.ActiveCfg = Debug|Any CPU
		{9C12FBE9-966F-43E8-93EC-77E8C97E5583}.Debug|Any CPU.Build.0 = Debug|Any CPU
		{9C12FBE9-966F-43E8-93EC-77E8C97E5583}.Release|Any CPU.ActiveCfg = Release|Any CPU
		{9C12FBE9-966F-43E8-93EC-77E8C97E5583}.Release|Any CPU.Build.0 = Release|Any CPU
	EndGlobalSection
	GlobalSection(SolutionProperties) = preSolution
		HideSolutionNode = FALSE
	EndGlobalSection
	GlobalSection(ExtensibilityGlobals) = postSolution
		SolutionGuid = {B430EE39-0AB9-4C26-ACC2-EB7A09BA85A9}
	EndGlobalSection
EndGlobal
